<?xml version="1.0" encoding="utf-8"?>
<Project ToolsVersion="4.0" xmlns="http://schemas.microsoft.com/developer/msbuild/2003">
  <ItemGroup>
    <Filter Include="Исходные файлы">
      <UniqueIdentifier>{4FC737F1-C7A5-4376-A066-2A32D752A2FF}</UniqueIdentifier>
      <Extensions>cpp;c;cc;cxx;def;odl;idl;hpj;bat;asm;asmx</Extensions>
    </Filter>
    <Filter Include="Файлы заголовков">
      <UniqueIdentifier>{93995380-89BD-4b04-88EB-625FBE52EBFB}</UniqueIdentifier>
      <Extensions>h;hh;hpp;hxx;hm;inl;inc;ipp;xsd</Extensions>
    </Filter>
    <Filter Include="Файлы ресурсов">
      <UniqueIdentifier>{67DA6AB6-F800-4c08-8B7A-83BB121AAD01}</UniqueIdentifier>
      <Extensions>rc;ico;cur;bmp;dlg;rc2;rct;bin;rgs;gif;jpg;jpeg;jpe;resx;tiff;tif;png;wav;mfcribbon-ms</Extensions>
    </Filter>
    <Filter Include="Исходные файлы\utils">
      <UniqueIdentifier>{f88bb714-0b38-4471-a1cf-d4edef21bf46}</UniqueIdentifier>
    </Filter>
    <Filter Include="Исходные файлы\segment">
      <UniqueIdentifier>{45ee3719-adfb-495a-8bad-1d903d79e134}</UniqueIdentifier>
    </Filter>
    <Filter Include="Файлы заголовков\segment">
      <UniqueIdentifier>{4c638d2c-daeb-4fde-8e4e-924abd099758}</UniqueIdentifier>
    </Filter>
    <Filter Include="Файлы ресурсов\libs">
      <UniqueIdentifier>{6fa99ac3-020c-4543-9454-82c16b85dd90}</UniqueIdentifier>
    </Filter>
    <Filter Include="Исходные файлы\cpp">
      <UniqueIdentifier>{8c051beb-9559-427c-b5f3-ff8216f3a955}</UniqueIdentifier>
    </Filter>
    <Filter Include="Файлы заголовков\cpp">
      <UniqueIdentifier>{6e17319e-251a-4c06-a215-31a5fe7e0e41}</UniqueIdentifier>
    </Filter>
    <Filter Include="Файлы заголовков\frameworks">
      <UniqueIdentifier>{f3411615-32a3-47e7-88a2-93067b426817}</UniqueIdentifier>
    </Filter>
    <Filter Include="Исходные файлы\frameworks">
      <UniqueIdentifier>{dc7abcc1-8afc-468b-ba53-96c43654169d}</UniqueIdentifier>
    </Filter>
    <Filter Include="Исходные файлы\runtime">
      <UniqueIdentifier>{dba20b01-f38a-4c3f-8fc0-c3024612c763}</UniqueIdentifier>
    </Filter>
    <Filter Include="Файлы заголовков\runtime">
      <UniqueIdentifier>{6d52b353-fd61-479e-8cf8-e2326f9007c9}</UniqueIdentifier>
    </Filter>
    <Filter Include="Файлы заголовков\utils">
      <UniqueIdentifier>{3b22cd39-1b20-4e4d-9c99-7566c4574878}</UniqueIdentifier>
    </Filter>
  </ItemGroup>
  <ItemGroup>
    <ClInclude Include="Segment.h">
      <Filter>Файлы заголовков\segment</Filter>
    </ClInclude>
    <ClInclude Include="SegmentHeader.h">
      <Filter>Файлы заголовков\segment</Filter>
    </ClInclude>
    <ClInclude Include="Utils.h">
      <Filter>Файлы заголовков\utils</Filter>
    </ClInclude>
    <ClInclude Include="HookLib.h">
      <Filter>Файлы ресурсов\libs</Filter>
    </ClInclude>
    <ClInclude Include="PanicUtils.h">
      <Filter>Файлы заголовков\utils</Filter>
    </ClInclude>
    <ClInclude Include="pch.h">
      <Filter>Файлы заголовков\cpp</Filter>
    </ClInclude>
    <ClInclude Include="framework.h">
      <Filter>Файлы заголовков\cpp</Filter>
    </ClInclude>
    <ClInclude Include="SegmentFramework.h">
      <Filter>Файлы заголовков\frameworks</Filter>
    </ClInclude>
    <ClInclude Include="GameFramework.h">
      <Filter>Файлы заголовков\frameworks</Filter>
    </ClInclude>
    <ClInclude Include="RuntimeHandler.h">
      <Filter>Файлы заголовков\runtime</Filter>
    </ClInclude>
    <ClInclude Include="Logger.h">
      <Filter>Файлы заголовков\runtime</Filter>
    </ClInclude>
  </ItemGroup>
  <ItemGroup>
    <ClCompile Include="dllmain.cpp">
      <Filter>Исходные файлы</Filter>
    </ClCompile>
    <ClCompile Include="Utils.cpp">
      <Filter>Исходные файлы\utils</Filter>
    </ClCompile>
    <ClCompile Include="SegmentHeaderManager.cpp">
      <Filter>Исходные файлы\segment</Filter>
    </ClCompile>
    <ClCompile Include="Segment.cpp">
      <Filter>Исходные файлы\segment</Filter>
    </ClCompile>
    <ClCompile Include="PanicUtils.cpp">
      <Filter>Исходные файлы\utils</Filter>
    </ClCompile>
    <ClCompile Include="pch.cpp">
      <Filter>Исходные файлы\cpp</Filter>
    </ClCompile>
    <ClCompile Include="SegmentFramework.cpp">
      <Filter>Исходные файлы\frameworks</Filter>
    </ClCompile>
    <ClCompile Include="GameFramework.cpp">
      <Filter>Исходные файлы\frameworks</Filter>
    </ClCompile>
    <ClCompile Include="RuntimeHandler.cpp">
      <Filter>Исходные файлы\runtime</Filter>
    </ClCompile>
    <ClCompile Include="Logger.cpp">
      <Filter>Исходные файлы\runtime</Filter>
    </ClCompile>
  </ItemGroup>
  <ItemGroup>
    <Library Include="HookLib.lib">
      <Filter>Файлы ресурсов\libs</Filter>
    </Library>
    <Library Include="Zydis.lib">
      <Filter>Файлы ресурсов\libs</Filter>
    </Library>
  </ItemGroup>
</Project>